
Microsoft Visual Studio Solution File, Format Version 12.00
# Visual Studio Version 17
VisualStudioVersion = 17.14.36518.9
MinimumVisualStudioVersion = 10.0.40219.1
Project("{2150E333-8FDC-42A3-9474-1A3956D46DE8}") = "Task0", "Task0", "{02EA681E-C7D8-13C7-8484-4AC65E1B71E8}"
EndProject
Project("{FAE04EC0-301F-11D3-BF4B-00C04F79EFBC}") = "Tyuiu.Ahmdi2.Sprint2.Task0.V24", "Tyuiu.Ahmdi2.Sprint2.Task0.V24\Tyuiu.Ahmdi2.Sprint2.Task0.V24.csproj", "{B15BAACA-C79C-44DC-903A-2E5A59521761}"
EndProject
Project("{FAE04EC0-301F-11D3-BF4B-00C04F79EFBC}") = "Tyuiu.Ahmdi2.Sprint2.Task0.V24.Lib", "Tyuiu.Ahmdi2.Sprint2.Task0.V24.Lib\Tyuiu.Ahmdi2.Sprint2.Task0.V24.Lib.csproj", "{21F183B4-709C-435D-B469-220043DFD507}"
EndProject
Project("{FAE04EC0-301F-11D3-BF4B-00C04F79EFBC}") = "Tyuiu.Ahmdi2.Sprint2.Task0.V24.Test", "Tyuiu.Ahmdi2.Sprint2.Task0.V24.Test\Tyuiu.Ahmdi2.Sprint2.Task0.V24.Test.csproj", "{B5C63BF2-26F4-45EA-8E65-641DC57E1B7F}"
EndProject
Project("{2150E333-8FDC-42A3-9474-1A3956D46DE8}") = "Task1", "Task1", "{B65BB2B4-DFFA-4DFC-8A4C-30C8B9246EDF}"
EndProject
Project("{FAE04EC0-301F-11D3-BF4B-00C04F79EFBC}") = "Tyuiu.Ahmdi2.Sprint2.Task1.V12", "Tyuiu.Ahmdi2.Sprint2.Task1.V12\Tyuiu.Ahmdi2.Sprint2.Task1.V12.csproj", "{6FF5258C-2A8B-452B-A5DD-4868B8EF8159}"
EndProject
Project("{FAE04EC0-301F-11D3-BF4B-00C04F79EFBC}") = "Tyuiu.Ahmdi2.Sprint2.Task1.V12.Lib", "Tyuiu.Ahmdi2.Sprint2.Task1.V12.Lib\Tyuiu.Ahmdi2.Sprint2.Task1.V12.Lib.csproj", "{E0901C07-1BE9-4929-B979-94E8BA7736D4}"
EndProject
Project("{FAE04EC0-301F-11D3-BF4B-00C04F79EFBC}") = "Tyuiu.Ahmdi2.Sprint2.Task1.V12.Test", "Tyuiu.Ahmdi2.Sprint2.Task1.V12.Test\Tyuiu.Ahmdi2.Sprint2.Task1.V12.Test.csproj", "{B73CFB75-64D5-468D-A656-7D059CDE7219}"
EndProject
Project("{2150E333-8FDC-42A3-9474-1A3956D46DE8}") = "Task2", "Task2", "{BB708134-F1DE-4315-A450-503ECCD2E387}"
EndProject
Project("{FAE04EC0-301F-11D3-BF4B-00C04F79EFBC}") = "Tyuiu.Ahmdi2.Sprint2.Task2.V19", "Tyuiu.Ahmdi2.Sprint2.Task2.V19\Tyuiu.Ahmdi2.Sprint2.Task2.V19.csproj", "{B73601B0-FBFB-4E94-9452-C754E7A08548}"
EndProject
Project("{FAE04EC0-301F-11D3-BF4B-00C04F79EFBC}") = "Tyuiu.Ahmdi2.Sprint2.Task2.V19.Lib", "Tyuiu.Ahmdi2.Sprint2.Task2.V19.Lib\Tyuiu.Ahmdi2.Sprint2.Task2.V19.Lib.csproj", "{03E17FEF-182C-4393-9280-8424887B4CA5}"
EndProject
Project("{FAE04EC0-301F-11D3-BF4B-00C04F79EFBC}") = "Tyuiu.Ahmdi2.Sprint2.Task2.V19.Test", "Tyuiu.Ahmdi2.Sprint2.Task2.V19.Test\Tyuiu.Ahmdi2.Sprint2.Task2.V19.Test.csproj", "{06554936-BA2A-479E-BBBC-2420E7D01182}"
EndProject
Project("{2150E333-8FDC-42A3-9474-1A3956D46DE8}") = "Task3", "Task3", "{5987CB96-8CA7-473B-A1EA-E9A0065FDBEB}"
EndProject
Project("{FAE04EC0-301F-11D3-BF4B-00C04F79EFBC}") = "Tyuiu.Ahmdi2.Sprint2.Task3.V19", "Tyuiu.Ahmdi2.Sprint2.Task3.V19\Tyuiu.Ahmdi2.Sprint2.Task3.V19.csproj", "{4B5A66FE-D9C5-473D-96CC-FBD0CBDFCC25}"
EndProject
Project("{FAE04EC0-301F-11D3-BF4B-00C04F79EFBC}") = "Tyuiu.Ahmdi2.Sprint2.Task3.V19.Lib", "Tyuiu.Ahmdi2.Sprint2.Task3.V19.Lib\Tyuiu.Ahmdi2.Sprint2.Task3.V19.Lib.csproj", "{F423F14B-E1FA-4495-94AC-3F4DE1303760}"
EndProject
Project("{FAE04EC0-301F-11D3-BF4B-00C04F79EFBC}") = "Tyuiu.Ahmdi2.Sprint2.Task3.V19.Test", "Tyuiu.Ahmdi2.Sprint2.Task3.V19.Test\Tyuiu.Ahmdi2.Sprint2.Task3.V19.Test.csproj", "{F5FEFBFC-5C32-4297-92DF-59CB67429834}"
EndProject
Project("{2150E333-8FDC-42A3-9474-1A3956D46DE8}") = "Task4", "Task4", "{D628CAFD-801F-4D9B-B320-6EBB85B49F23}"
EndProject
Project("{FAE04EC0-301F-11D3-BF4B-00C04F79EFBC}") = "Tyuiu.Ahmdi2.Sprint2.Task4.V4", "Tyuiu.Ahmdi2.Sprint2.Task4.V4\Tyuiu.Ahmdi2.Sprint2.Task4.V4.csproj", "{51DFE8AF-D2D1-4DF4-AC05-1C5BB70D30EA}"
EndProject
Project("{FAE04EC0-301F-11D3-BF4B-00C04F79EFBC}") = "Tyuiu.Ahmdi2.Sprint2.Task4.V4.Lib", "Tyuiu.Ahmdi2.Sprint2.Task4.V4.Lib\Tyuiu.Ahmdi2.Sprint2.Task4.V4.Lib.csproj", "{43B42B1A-89E7-47E2-BEE8-FC7916D5C4DC}"
EndProject
Project("{FAE04EC0-301F-11D3-BF4B-00C04F79EFBC}") = "Tyuiu.Ahmdi2.Sprint2.Task4.V4.Test", "Tyuiu.Ahmdi2.Sprint2.Task4.V4.Test\Tyuiu.Ahmdi2.Sprint2.Task4.V4.Test.csproj", "{CEE6F66A-31C0-4289-A021-117D786E50A4}"
EndProject
Global
	GlobalSection(SolutionConfigurationPlatforms) = preSolution
		Debug|Any CPU = Debug|Any CPU
		Release|Any CPU = Release|Any CPU
	EndGlobalSection
	GlobalSection(ProjectConfigurationPlatforms) = postSolution
		{B15BAACA-C79C-44DC-903A-2E5A59521761}.Debug|Any CPU.ActiveCfg = Debug|Any CPU
		{B15BAACA-C79C-44DC-903A-2E5A59521761}.Debug|Any CPU.Build.0 = Debug|Any CPU
		{B15BAACA-C79C-44DC-903A-2E5A59521761}.Release|Any CPU.ActiveCfg = Release|Any CPU
		{B15BAACA-C79C-44DC-903A-2E5A59521761}.Release|Any CPU.Build.0 = Release|Any CPU
		{21F183B4-709C-435D-B469-220043DFD507}.Debug|Any CPU.ActiveCfg = Debug|Any CPU
		{21F183B4-709C-435D-B469-220043DFD507}.Debug|Any CPU.Build.0 = Debug|Any CPU
		{21F183B4-709C-435D-B469-220043DFD507}.Release|Any CPU.ActiveCfg = Release|Any CPU
		{21F183B4-709C-435D-B469-220043DFD507}.Release|Any CPU.Build.0 = Release|Any CPU
		{B5C63BF2-26F4-45EA-8E65-641DC57E1B7F}.Debug|Any CPU.ActiveCfg = Debug|Any CPU
		{B5C63BF2-26F4-45EA-8E65-641DC57E1B7F}.Debug|Any CPU.Build.0 = Debug|Any CPU
		{B5C63BF2-26F4-45EA-8E65-641DC57E1B7F}.Release|Any CPU.ActiveCfg = Release|Any CPU
		{B5C63BF2-26F4-45EA-8E65-641DC57E1B7F}.Release|Any CPU.Build.0 = Release|Any CPU
		{6FF5258C-2A8B-452B-A5DD-4868B8EF8159}.Debug|Any CPU.ActiveCfg = Debug|Any CPU
		{6FF5258C-2A8B-452B-A5DD-4868B8EF8159}.Debug|Any CPU.Build.0 = Debug|Any CPU
		{6FF5258C-2A8B-452B-A5DD-4868B8EF8159}.Release|Any CPU.ActiveCfg = Release|Any CPU
		{6FF5258C-2A8B-452B-A5DD-4868B8EF8159}.Release|Any CPU.Build.0 = Release|Any CPU
		{E0901C07-1BE9-4929-B979-94E8BA7736D4}.Debug|Any CPU.ActiveCfg = Debug|Any CPU
		{E0901C07-1BE9-4929-B979-94E8BA7736D4}.Debug|Any CPU.Build.0 = Debug|Any CPU
		{E0901C07-1BE9-4929-B979-94E8BA7736D4}.Release|Any CPU.ActiveCfg = Release|Any CPU
		{E0901C07-1BE9-4929-B979-94E8BA7736D4}.Release|Any CPU.Build.0 = Release|Any CPU
		{B73CFB75-64D5-468D-A656-7D059CDE7219}.Debug|Any CPU.ActiveCfg = Debug|Any CPU
		{B73CFB75-64D5-468D-A656-7D059CDE7219}.Debug|Any CPU.Build.0 = Debug|Any CPU
		{B73CFB75-64D5-468D-A656-7D059CDE7219}.Release|Any CPU.ActiveCfg = Release|Any CPU
		{B73CFB75-64D5-468D-A656-7D059CDE7219}.Release|Any CPU.Build.0 = Release|Any CPU
		{B73601B0-FBFB-4E94-9452-C754E7A08548}.Debug|Any CPU.ActiveCfg = Debug|Any CPU
		{B73601B0-FBFB-4E94-9452-C754E7A08548}.Debug|Any CPU.Build.0 = Debug|Any CPU
		{B73601B0-FBFB-4E94-9452-C754E7A08548}.Release|Any CPU.ActiveCfg = Release|Any CPU
		{B73601B0-FBFB-4E94-9452-C754E7A08548}.Release|Any CPU.Build.0 = Release|Any CPU
		{03E17FEF-182C-4393-9280-8424887B4CA5}.Debug|Any CPU.ActiveCfg = Debug|Any CPU
		{03E17FEF-182C-4393-9280-8424887B4CA5}.Debug|Any CPU.Build.0 = Debug|Any CPU
		{03E17FEF-182C-4393-9280-8424887B4CA5}.Release|Any CPU.ActiveCfg = Release|Any CPU
		{03E17FEF-182C-4393-9280-8424887B4CA5}.Release|Any CPU.Build.0 = Release|Any CPU
		{06554936-BA2A-479E-BBBC-2420E7D01182}.Debug|Any CPU.ActiveCfg = Debug|Any CPU
		{06554936-BA2A-479E-BBBC-2420E7D01182}.Debug|Any CPU.Build.0 = Debug|Any CPU
		{06554936-BA2A-479E-BBBC-2420E7D01182}.Release|Any CPU.ActiveCfg = Release|Any CPU
		{06554936-BA2A-479E-BBBC-2420E7D01182}.Release|Any CPU.Build.0 = Release|Any CPU
		{4B5A66FE-D9C5-473D-96CC-FBD0CBDFCC25}.Debug|Any CPU.ActiveCfg = Debug|Any CPU
		{4B5A66FE-D9C5-473D-96CC-FBD0CBDFCC25}.Debug|Any CPU.Build.0 = Debug|Any CPU
		{4B5A66FE-D9C5-473D-96CC-FBD0CBDFCC25}.Release|Any CPU.ActiveCfg = Release|Any CPU
		{4B5A66FE-D9C5-473D-96CC-FBD0CBDFCC25}.Release|Any CPU.Build.0 = Release|Any CPU
		{F423F14B-E1FA-4495-94AC-3F4DE1303760}.Debug|Any CPU.ActiveCfg = Debug|Any CPU
		{F423F14B-E1FA-4495-94AC-3F4DE1303760}.Debug|Any CPU.Build.0 = Debug|Any CPU
		{F423F14B-E1FA-4495-94AC-3F4DE1303760}.Release|Any CPU.ActiveCfg = Release|Any CPU
		{F423F14B-E1FA-4495-94AC-3F4DE1303760}.Release|Any CPU.Build.0 = Release|Any CPU
		{F5FEFBFC-5C32-4297-92DF-59CB67429834}.Debug|Any CPU.ActiveCfg = Debug|Any CPU
		{F5FEFBFC-5C32-4297-92DF-59CB67429834}.Debug|Any CPU.Build.0 = Debug|Any CPU
		{F5FEFBFC-5C32-4297-92DF-59CB67429834}.Release|Any CPU.ActiveCfg = Release|Any CPU
		{F5FEFBFC-5C32-4297-92DF-59CB67429834}.Release|Any CPU.Build.0 = Release|Any CPU
		{51DFE8AF-D2D1-4DF4-AC05-1C5BB70D30EA}.Debug|Any CPU.ActiveCfg = Debug|Any CPU
		{51DFE8AF-D2D1-4DF4-AC05-1C5BB70D30EA}.Debug|Any CPU.Build.0 = Debug|Any CPU
		{51DFE8AF-D2D1-4DF4-AC05-1C5BB70D30EA}.Release|Any CPU.ActiveCfg = Release|Any CPU
		{51DFE8AF-D2D1-4DF4-AC05-1C5BB70D30EA}.Release|Any CPU.Build.0 = Release|Any CPU
		{43B42B1A-89E7-47E2-BEE8-FC7916D5C4DC}.Debug|Any CPU.ActiveCfg = Debug|Any CPU
		{43B42B1A-89E7-47E2-BEE8-FC7916D5C4DC}.Debug|Any CPU.Build.0 = Debug|Any CPU
		{43B42B1A-89E7-47E2-BEE8-FC7916D5C4DC}.Release|Any CPU.ActiveCfg = Release|Any CPU
		{43B42B1A-89E7-47E2-BEE8-FC7916D5C4DC}.Release|Any CPU.Build.0 = Release|Any CPU
		{CEE6F66A-31C0-4289-A021-117D786E50A4}.Debug|Any CPU.ActiveCfg = Debug|Any CPU
		{CEE6F66A-31C0-4289-A021-117D786E50A4}.Debug|Any CPU.Build.0 = Debug|Any CPU
		{CEE6F66A-31C0-4289-A021-117D786E50A4}.Release|Any CPU.ActiveCfg = Release|Any CPU
		{CEE6F66A-31C0-4289-A021-117D786E50A4}.Release|Any CPU.Build.0 = Release|Any CPU
	EndGlobalSection
	GlobalSection(SolutionProperties) = preSolution
		HideSolutionNode = FALSE
	EndGlobalSection
	GlobalSection(NestedProjects) = preSolution
		{B15BAACA-C79C-44DC-903A-2E5A59521761} = {02EA681E-C7D8-13C7-8484-4AC65E1B71E8}
		{21F183B4-709C-435D-B469-220043DFD507} = {02EA681E-C7D8-13C7-8484-4AC65E1B71E8}
		{B5C63BF2-26F4-45EA-8E65-641DC57E1B7F} = {02EA681E-C7D8-13C7-8484-4AC65E1B71E8}
		{6FF5258C-2A8B-452B-A5DD-4868B8EF8159} = {B65BB2B4-DFFA-4DFC-8A4C-30C8B9246EDF}
		{E0901C07-1BE9-4929-B979-94E8BA7736D4} = {B65BB2B4-DFFA-4DFC-8A4C-30C8B9246EDF}
		{B73CFB75-64D5-468D-A656-7D059CDE7219} = {B65BB2B4-DFFA-4DFC-8A4C-30C8B9246EDF}
		{B73601B0-FBFB-4E94-9452-C754E7A08548} = {BB708134-F1DE-4315-A450-503ECCD2E387}
		{03E17FEF-182C-4393-9280-8424887B4CA5} = {BB708134-F1DE-4315-A450-503ECCD2E387}
		{06554936-BA2A-479E-BBBC-2420E7D01182} = {BB708134-F1DE-4315-A450-503ECCD2E387}
		{4B5A66FE-D9C5-473D-96CC-FBD0CBDFCC25} = {5987CB96-8CA7-473B-A1EA-E9A0065FDBEB}
		{F423F14B-E1FA-4495-94AC-3F4DE1303760} = {5987CB96-8CA7-473B-A1EA-E9A0065FDBEB}
		{F5FEFBFC-5C32-4297-92DF-59CB67429834} = {5987CB96-8CA7-473B-A1EA-E9A0065FDBEB}
		{51DFE8AF-D2D1-4DF4-AC05-1C5BB70D30EA} = {D628CAFD-801F-4D9B-B320-6EBB85B49F23}
		{43B42B1A-89E7-47E2-BEE8-FC7916D5C4DC} = {D628CAFD-801F-4D9B-B320-6EBB85B49F23}
		{CEE6F66A-31C0-4289-A021-117D786E50A4} = {D628CAFD-801F-4D9B-B320-6EBB85B49F23}
	EndGlobalSection
	GlobalSection(ExtensibilityGlobals) = postSolution
		SolutionGuid = {5818C2CF-401D-4172-8621-691A2F76365A}
	EndGlobalSection
EndGlobal
